
Microsoft Visual Studio Solution File, Format Version 12.00
# Visual Studio Version 17
VisualStudioVersion = 17.9.34701.34
MinimumVisualStudioVersion = 10.0.40219.1
Project("{FAE04EC0-301F-11D3-BF4B-00C04F79EFBC}") = "FileContentAnalyzer.Api", "FileContentAnalyzer.Api\FileContentAnalyzer.Api.csproj", "{9E38AFD8-62B5-4D17-A854-8D33B75AF3E2}"
EndProject
Project("{FAE04EC0-301F-11D3-BF4B-00C04F79EFBC}") = "FileContentAnalyzer.Console", "FileContentAnalyzer.Console\FileContentAnalyzer.Console.csproj", "{BA574766-9BA1-42DE-808A-CF1E605A8D7E}"
EndProject
Project("{FAE04EC0-301F-11D3-BF4B-00C04F79EFBC}") = "FileContentAnalyzer.Logic", "FileContentAnalyzer.Logic\FileContentAnalyzer.Logic.csproj", "{89F6222A-6E8E-4569-B363-3553EF1E68B6}"
EndProject
Global
	GlobalSection(SolutionConfigurationPlatforms) = preSolution
		Debug|Any CPU = Debug|Any CPU
		Release|Any CPU = Release|Any CPU
	EndGlobalSection
	GlobalSection(ProjectConfigurationPlatforms) = postSolution
		{9E38AFD8-62B5-4D17-A854-8D33B75AF3E2}.Debug|Any CPU.ActiveCfg = Debug|Any CPU
		{9E38AFD8-62B5-4D17-A854-8D33B75AF3E2}.Debug|Any CPU.Build.0 = Debug|Any CPU
		{9E38AFD8-62B5-4D17-A854-8D33B75AF3E2}.Release|Any CPU.ActiveCfg = Release|Any CPU
		{9E38AFD8-62B5-4D17-A854-8D33B75AF3E2}.Release|Any CPU.Build.0 = Release|Any CPU
		{BA574766-9BA1-42DE-808A-CF1E605A8D7E}.Debug|Any CPU.ActiveCfg = Debug|Any CPU
		{BA574766-9BA1-42DE-808A-CF1E605A8D7E}.Debug|Any CPU.Build.0 = Debug|Any CPU
		{BA574766-9BA1-42DE-808A-CF1E605A8D7E}.Release|Any CPU.ActiveCfg = Release|Any CPU
		{BA574766-9BA1-42DE-808A-CF1E605A8D7E}.Release|Any CPU.Build.0 = Release|Any CPU
		{89F6222A-6E8E-4569-B363-3553EF1E68B6}.Debug|Any CPU.ActiveCfg = Debug|Any CPU
		{89F6222A-6E8E-4569-B363-3553EF1E68B6}.Debug|Any CPU.Build.0 = Debug|Any CPU
		{89F6222A-6E8E-4569-B363-3553EF1E68B6}.Release|Any CPU.ActiveCfg = Release|Any CPU
		{89F6222A-6E8E-4569-B363-3553EF1E68B6}.Release|Any CPU.Build.0 = Release|Any CPU
	EndGlobalSection
	GlobalSection(SolutionProperties) = preSolution
		HideSolutionNode = FALSE
	EndGlobalSection
	GlobalSection(ExtensibilityGlobals) = postSolution
		SolutionGuid = {D563BBD5-2021-491E-8D65-79AE5979D76B}
	EndGlobalSection
EndGlobal
