
Microsoft Visual Studio Solution File, Format Version 12.00
# Visual Studio Version 17
VisualStudioVersion = 17.9.34728.123
MinimumVisualStudioVersion = 10.0.40219.1
Project("{FAE04EC0-301F-11D3-BF4B-00C04F79EFBC}") = "CashRegister.App", "CashRegister.Wpf\CashRegister.App.csproj", "{B2B85825-3662-4F4C-89F6-EACBDF4D8557}"
EndProject
Project("{FAE04EC0-301F-11D3-BF4B-00C04F79EFBC}") = "CashRegister.Api", "CashRegister.Api\CashRegister.Api.csproj", "{547BD6AE-F7A2-4068-82C3-FD1F2C987EEE}"
EndProject
Project("{FAE04EC0-301F-11D3-BF4B-00C04F79EFBC}") = "CashRegister.Shared", "CashRegister.Shared\CashRegister.Shared.csproj", "{CDF9D913-189C-4C0D-8506-75034446F4DA}"
EndProject
Global
	GlobalSection(SolutionConfigurationPlatforms) = preSolution
		Debug|Any CPU = Debug|Any CPU
		Release|Any CPU = Release|Any CPU
	EndGlobalSection
	GlobalSection(ProjectConfigurationPlatforms) = postSolution
		{B2B85825-3662-4F4C-89F6-EACBDF4D8557}.Debug|Any CPU.ActiveCfg = Debug|Any CPU
		{B2B85825-3662-4F4C-89F6-EACBDF4D8557}.Debug|Any CPU.Build.0 = Debug|Any CPU
		{B2B85825-3662-4F4C-89F6-EACBDF4D8557}.Release|Any CPU.ActiveCfg = Release|Any CPU
		{B2B85825-3662-4F4C-89F6-EACBDF4D8557}.Release|Any CPU.Build.0 = Release|Any CPU
		{547BD6AE-F7A2-4068-82C3-FD1F2C987EEE}.Debug|Any CPU.ActiveCfg = Debug|Any CPU
		{547BD6AE-F7A2-4068-82C3-FD1F2C987EEE}.Debug|Any CPU.Build.0 = Debug|Any CPU
		{547BD6AE-F7A2-4068-82C3-FD1F2C987EEE}.Release|Any CPU.ActiveCfg = Release|Any CPU
		{547BD6AE-F7A2-4068-82C3-FD1F2C987EEE}.Release|Any CPU.Build.0 = Release|Any CPU
		{CDF9D913-189C-4C0D-8506-75034446F4DA}.Debug|Any CPU.ActiveCfg = Debug|Any CPU
		{CDF9D913-189C-4C0D-8506-75034446F4DA}.Debug|Any CPU.Build.0 = Debug|Any CPU
		{CDF9D913-189C-4C0D-8506-75034446F4DA}.Release|Any CPU.ActiveCfg = Release|Any CPU
		{CDF9D913-189C-4C0D-8506-75034446F4DA}.Release|Any CPU.Build.0 = Release|Any CPU
	EndGlobalSection
	GlobalSection(SolutionProperties) = preSolution
		HideSolutionNode = FALSE
	EndGlobalSection
	GlobalSection(ExtensibilityGlobals) = postSolution
		SolutionGuid = {524DC0F2-A052-4F4F-80FF-2DAB9A681A44}
	EndGlobalSection
EndGlobal
