
Microsoft Visual Studio Solution File, Format Version 12.00
# Visual Studio Version 17
VisualStudioVersion = 17.7.34024.191
MinimumVisualStudioVersion = 10.0.40219.1
Project("{FAE04EC0-301F-11D3-BF4B-00C04F79EFBC}") = "LinqQuiz.Library", "LinqQuiz.Library.csproj", "{63F23983-9B0D-44A3-9913-D2B8C3363B9B}"
EndProject
Project("{FAE04EC0-301F-11D3-BF4B-00C04F79EFBC}") = "LinqQuiz.Test", "..\LinqQuiz.Test\LinqQuiz.Test.csproj", "{43C19952-1C55-4EF1-B1C7-9E24B63C043B}"
EndProject
Global
	GlobalSection(SolutionConfigurationPlatforms) = preSolution
		Debug|Any CPU = Debug|Any CPU
		Release|Any CPU = Release|Any CPU
	EndGlobalSection
	GlobalSection(ProjectConfigurationPlatforms) = postSolution
		{63F23983-9B0D-44A3-9913-D2B8C3363B9B}.Debug|Any CPU.ActiveCfg = Debug|Any CPU
		{63F23983-9B0D-44A3-9913-D2B8C3363B9B}.Debug|Any CPU.Build.0 = Debug|Any CPU
		{63F23983-9B0D-44A3-9913-D2B8C3363B9B}.Release|Any CPU.ActiveCfg = Release|Any CPU
		{63F23983-9B0D-44A3-9913-D2B8C3363B9B}.Release|Any CPU.Build.0 = Release|Any CPU
		{43C19952-1C55-4EF1-B1C7-9E24B63C043B}.Debug|Any CPU.ActiveCfg = Debug|Any CPU
		{43C19952-1C55-4EF1-B1C7-9E24B63C043B}.Debug|Any CPU.Build.0 = Debug|Any CPU
		{43C19952-1C55-4EF1-B1C7-9E24B63C043B}.Release|Any CPU.ActiveCfg = Release|Any CPU
		{43C19952-1C55-4EF1-B1C7-9E24B63C043B}.Release|Any CPU.Build.0 = Release|Any CPU
	EndGlobalSection
	GlobalSection(SolutionProperties) = preSolution
		HideSolutionNode = FALSE
	EndGlobalSection
	GlobalSection(ExtensibilityGlobals) = postSolution
		SolutionGuid = {D1DA3FF6-1B22-4B9B-AD7B-2EA776E95158}
	EndGlobalSection
EndGlobal
