
Microsoft Visual Studio Solution File, Format Version 12.00
# Visual Studio Version 16
VisualStudioVersion = 25.0.1706.6
MinimumVisualStudioVersion = 10.0.40219.1
Project("{FAE04EC0-301F-11D3-BF4B-00C04F79EFBC}") = "LogAnalysis.Logic", "LogAnalysis.Logic\LogAnalysis.Logic.csproj", "{ABAC950D-3CDC-4540-AD51-CC2CD332B847}"
EndProject
Global
	GlobalSection(SolutionConfigurationPlatforms) = preSolution
		Debug|Any CPU = Debug|Any CPU
		Release|Any CPU = Release|Any CPU
	EndGlobalSection
	GlobalSection(ProjectConfigurationPlatforms) = postSolution
		{ABAC950D-3CDC-4540-AD51-CC2CD332B847}.Debug|Any CPU.ActiveCfg = Debug|Any CPU
		{ABAC950D-3CDC-4540-AD51-CC2CD332B847}.Debug|Any CPU.Build.0 = Debug|Any CPU
		{ABAC950D-3CDC-4540-AD51-CC2CD332B847}.Release|Any CPU.ActiveCfg = Release|Any CPU
		{ABAC950D-3CDC-4540-AD51-CC2CD332B847}.Release|Any CPU.Build.0 = Release|Any CPU
	EndGlobalSection
	GlobalSection(SolutionProperties) = preSolution
		HideSolutionNode = FALSE
	EndGlobalSection
	GlobalSection(ExtensibilityGlobals) = postSolution
		SolutionGuid = {06E85ECA-228A-462C-BFB1-6E34A9649BCB}
	EndGlobalSection
EndGlobal
