
Microsoft Visual Studio Solution File, Format Version 12.00
Project("{FAE04EC0-301F-11D3-BF4B-00C04F79EFBC}") = "AdventOfCode1-1", "AdventOfCode1-1\AdventOfCode1-1.csproj", "{66CF8FFD-0FE7-4A97-87A7-2862EEDEBB0D}"
EndProject
Project("{FAE04EC0-301F-11D3-BF4B-00C04F79EFBC}") = "AdventOfCode1-2", "AdventOfCode1-2\AdventOfCode1-2.csproj", "{469484BF-B991-41A0-9BC3-1AE47B6A579D}"
EndProject
Global
	GlobalSection(SolutionConfigurationPlatforms) = preSolution
		Debug|Any CPU = Debug|Any CPU
		Release|Any CPU = Release|Any CPU
	EndGlobalSection
	GlobalSection(ProjectConfigurationPlatforms) = postSolution
		{66CF8FFD-0FE7-4A97-87A7-2862EEDEBB0D}.Debug|Any CPU.ActiveCfg = Debug|Any CPU
		{66CF8FFD-0FE7-4A97-87A7-2862EEDEBB0D}.Debug|Any CPU.Build.0 = Debug|Any CPU
		{66CF8FFD-0FE7-4A97-87A7-2862EEDEBB0D}.Release|Any CPU.ActiveCfg = Release|Any CPU
		{66CF8FFD-0FE7-4A97-87A7-2862EEDEBB0D}.Release|Any CPU.Build.0 = Release|Any CPU
		{469484BF-B991-41A0-9BC3-1AE47B6A579D}.Debug|Any CPU.ActiveCfg = Debug|Any CPU
		{469484BF-B991-41A0-9BC3-1AE47B6A579D}.Debug|Any CPU.Build.0 = Debug|Any CPU
		{469484BF-B991-41A0-9BC3-1AE47B6A579D}.Release|Any CPU.ActiveCfg = Release|Any CPU
		{469484BF-B991-41A0-9BC3-1AE47B6A579D}.Release|Any CPU.Build.0 = Release|Any CPU
	EndGlobalSection
EndGlobal
